
Microsoft Visual Studio Solution File, Format Version 12.00
# Visual Studio 15
Project("{FAE04EC0-301F-11D3-BF4B-00C04F79EFBC}") = "Unity.XR.Interaction.Toolkit.Samples.StarterAssets", "Unity.XR.Interaction.Toolkit.Samples.StarterAssets.csproj", "{05FAA291-FD3E-5F28-B4C2-8B73C093892A}"
EndProject
Project("{FAE04EC0-301F-11D3-BF4B-00C04F79EFBC}") = "Assembly-CSharp", "Assembly-CSharp.csproj", "{7C1EE384-FAB1-42E9-F6CC-51E768BA8DD3}"
EndProject
Project("{FAE04EC0-301F-11D3-BF4B-00C04F79EFBC}") = "Unity.XR.Interaction.Toolkit.Samples.StarterAssets.Editor", "Unity.XR.Interaction.Toolkit.Samples.StarterAssets.Editor.csproj", "{7B6B634A-D0A1-9F77-DC32-EC40225DEF5E}"
EndProject
Global
	GlobalSection(SolutionConfigurationPlatforms) = preSolution
		Debug|Any CPU = Debug|Any CPU
		Release|Any CPU = Release|Any CPU
	EndGlobalSection
	GlobalSection(ProjectConfigurationPlatforms) = postSolution
		{05FAA291-FD3E-5F28-B4C2-8B73C093892A}.Debug|Any CPU.ActiveCfg = Debug|Any CPU
		{05FAA291-FD3E-5F28-B4C2-8B73C093892A}.Debug|Any CPU.Build.0 = Debug|Any CPU
		{05FAA291-FD3E-5F28-B4C2-8B73C093892A}.Release|Any CPU.ActiveCfg = Release|Any CPU
		{05FAA291-FD3E-5F28-B4C2-8B73C093892A}.Release|Any CPU.Build.0 = Release|Any CPU
		{7C1EE384-FAB1-42E9-F6CC-51E768BA8DD3}.Debug|Any CPU.ActiveCfg = Debug|Any CPU
		{7C1EE384-FAB1-42E9-F6CC-51E768BA8DD3}.Debug|Any CPU.Build.0 = Debug|Any CPU
		{7C1EE384-FAB1-42E9-F6CC-51E768BA8DD3}.Release|Any CPU.ActiveCfg = Release|Any CPU
		{7C1EE384-FAB1-42E9-F6CC-51E768BA8DD3}.Release|Any CPU.Build.0 = Release|Any CPU
		{7B6B634A-D0A1-9F77-DC32-EC40225DEF5E}.Debug|Any CPU.ActiveCfg = Debug|Any CPU
		{7B6B634A-D0A1-9F77-DC32-EC40225DEF5E}.Debug|Any CPU.Build.0 = Debug|Any CPU
		{7B6B634A-D0A1-9F77-DC32-EC40225DEF5E}.Release|Any CPU.ActiveCfg = Release|Any CPU
		{7B6B634A-D0A1-9F77-DC32-EC40225DEF5E}.Release|Any CPU.Build.0 = Release|Any CPU
	EndGlobalSection
	GlobalSection(SolutionProperties) = preSolution
		HideSolutionNode = FALSE
	EndGlobalSection
EndGlobal
